
Microsoft Visual Studio Solution File, Format Version 12.00
# Visual Studio Version 16
VisualStudioVersion = 16.0.31729.503
MinimumVisualStudioVersion = 10.0.40219.1
Project("{FAE04EC0-301F-11D3-BF4B-00C04F79EFBC}") = "pz_1", "3pk2_BaranetsJulia\pz_1.csproj", "{79C675D8-B39E-4347-926A-0AD5E8679F14}"
EndProject
Project("{FAE04EC0-301F-11D3-BF4B-00C04F79EFBC}") = "pz_6", "pz_6\pz_6.csproj", "{DFA67691-B2DD-48FA-81C8-35D7792CCF29}"
EndProject
Project("{FAE04EC0-301F-11D3-BF4B-00C04F79EFBC}") = "pz_7", "pz_7\pz_7.csproj", "{690B1BB3-9B33-4C01-9696-CEBB782574CE}"
EndProject
Project("{FAE04EC0-301F-11D3-BF4B-00C04F79EFBC}") = "pz_5", "pz_5\pz_5.csproj", "{6A6D6A8C-B9F4-4C19-B8B0-66D5BD243FA6}"
EndProject
Global
	GlobalSection(SolutionConfigurationPlatforms) = preSolution
		Debug|Any CPU = Debug|Any CPU
		Release|Any CPU = Release|Any CPU
	EndGlobalSection
	GlobalSection(ProjectConfigurationPlatforms) = postSolution
		{79C675D8-B39E-4347-926A-0AD5E8679F14}.Debug|Any CPU.ActiveCfg = Debug|Any CPU
		{79C675D8-B39E-4347-926A-0AD5E8679F14}.Debug|Any CPU.Build.0 = Debug|Any CPU
		{79C675D8-B39E-4347-926A-0AD5E8679F14}.Release|Any CPU.ActiveCfg = Release|Any CPU
		{79C675D8-B39E-4347-926A-0AD5E8679F14}.Release|Any CPU.Build.0 = Release|Any CPU
		{DFA67691-B2DD-48FA-81C8-35D7792CCF29}.Debug|Any CPU.ActiveCfg = Debug|Any CPU
		{DFA67691-B2DD-48FA-81C8-35D7792CCF29}.Debug|Any CPU.Build.0 = Debug|Any CPU
		{DFA67691-B2DD-48FA-81C8-35D7792CCF29}.Release|Any CPU.ActiveCfg = Release|Any CPU
		{DFA67691-B2DD-48FA-81C8-35D7792CCF29}.Release|Any CPU.Build.0 = Release|Any CPU
		{690B1BB3-9B33-4C01-9696-CEBB782574CE}.Debug|Any CPU.ActiveCfg = Debug|Any CPU
		{690B1BB3-9B33-4C01-9696-CEBB782574CE}.Debug|Any CPU.Build.0 = Debug|Any CPU
		{690B1BB3-9B33-4C01-9696-CEBB782574CE}.Release|Any CPU.ActiveCfg = Release|Any CPU
		{690B1BB3-9B33-4C01-9696-CEBB782574CE}.Release|Any CPU.Build.0 = Release|Any CPU
		{6A6D6A8C-B9F4-4C19-B8B0-66D5BD243FA6}.Debug|Any CPU.ActiveCfg = Debug|Any CPU
		{6A6D6A8C-B9F4-4C19-B8B0-66D5BD243FA6}.Debug|Any CPU.Build.0 = Debug|Any CPU
		{6A6D6A8C-B9F4-4C19-B8B0-66D5BD243FA6}.Release|Any CPU.ActiveCfg = Release|Any CPU
		{6A6D6A8C-B9F4-4C19-B8B0-66D5BD243FA6}.Release|Any CPU.Build.0 = Release|Any CPU
	EndGlobalSection
	GlobalSection(SolutionProperties) = preSolution
		HideSolutionNode = FALSE
	EndGlobalSection
	GlobalSection(ExtensibilityGlobals) = postSolution
		SolutionGuid = {C97AD4A6-EB05-4454-BFBB-48FF51CBC0E4}
	EndGlobalSection
EndGlobal
